// !$*UTF8*$!
{
	archiveVersion = 1;
	classes = {
	};
	objectVersion = 56;
	objects = {

/* Begin PBXBuildFile section */
		1B36C09E29B604BA0073CA6B /* AppDelegate.swift in Sources */ = {isa = PBXBuildFile; fileRef = 1B36C09D29B604BA0073CA6B /* AppDelegate.swift */; };
		1B36C0A029B604BA0073CA6B /* SceneDelegate.swift in Sources */ = {isa = PBXBuildFile; fileRef = 1B36C09F29B604BA0073CA6B /* SceneDelegate.swift */; };
		1B36C0A229B604BA0073CA6B /* TrackListController.swift in Sources */ = {isa = PBXBuildFile; fileRef = 1B36C0A129B604BA0073CA6B /* TrackListController.swift */; };
		1B36C0A729B604BC0073CA6B /* Assets.xcassets in Resources */ = {isa = PBXBuildFile; fileRef = 1B36C0A629B604BC0073CA6B /* Assets.xcassets */; };
		1B36C0AA29B604BC0073CA6B /* LaunchScreen.storyboard in Resources */ = {isa = PBXBuildFile; fileRef = 1B36C0A829B604BC0073CA6B /* LaunchScreen.storyboard */; };
		1B36C0B829B60B150073CA6B /* TrackListView.swift in Sources */ = {isa = PBXBuildFile; fileRef = 1B36C0B729B60B150073CA6B /* TrackListView.swift */; };
		1B36C0BA29B60B250073CA6B /* PlayerView.swift in Sources */ = {isa = PBXBuildFile; fileRef = 1B36C0B929B60B250073CA6B /* PlayerView.swift */; };
		1B36C0BC29B60B300073CA6B /* PlayerController.swift in Sources */ = {isa = PBXBuildFile; fileRef = 1B36C0BB29B60B300073CA6B /* PlayerController.swift */; };
		1B36C0C029B611270073CA6B /* UIViewControllerExtension.swift in Sources */ = {isa = PBXBuildFile; fileRef = 1B36C0BF29B611270073CA6B /* UIViewControllerExtension.swift */; };
		1B36C0C329B612920073CA6B /* TrackCell.swift in Sources */ = {isa = PBXBuildFile; fileRef = 1B36C0C229B612920073CA6B /* TrackCell.swift */; };
		1B36C0C529B627D20073CA6B /* UILabelExtension.swift in Sources */ = {isa = PBXBuildFile; fileRef = 1B36C0C429B627D20073CA6B /* UILabelExtension.swift */; };
		1B36C0C729B708520073CA6B /* UIStackViewExtension.swift in Sources */ = {isa = PBXBuildFile; fileRef = 1B36C0C629B708520073CA6B /* UIStackViewExtension.swift */; };
		1B36C0CD29B7530F0073CA6B /* Imagine Dragons, JID-Enemy.mp3 in Resources */ = {isa = PBXBuildFile; fileRef = 1B36C0C829B7530E0073CA6B /* Imagine Dragons, JID-Enemy.mp3 */; };
		1B36C0CE29B7530F0073CA6B /* DIE ANTWOORD-Cookie Thumper.mp3 in Resources */ = {isa = PBXBuildFile; fileRef = 1B36C0C929B7530F0073CA6B /* DIE ANTWOORD-Cookie Thumper.mp3 */; };
		1B36C0CF29B7530F0073CA6B /* The Weeknd-The Hills.mp3 in Resources */ = {isa = PBXBuildFile; fileRef = 1B36C0CA29B7530F0073CA6B /* The Weeknd-The Hills.mp3 */; };
		1B36C0D029B7530F0073CA6B /* Eminem-Mokingbird.mp3 in Resources */ = {isa = PBXBuildFile; fileRef = 1B36C0CB29B7530F0073CA6B /* Eminem-Mokingbird.mp3 */; };
		1B36C0D129B7530F0073CA6B /* Imagine Dragons-Bones.mp3 in Resources */ = {isa = PBXBuildFile; fileRef = 1B36C0CC29B7530F0073CA6B /* Imagine Dragons-Bones.mp3 */; };
/* End PBXBuildFile section */

/* Begin PBXFileReference section */
		1B36C09A29B604BA0073CA6B /* Player.app */ = {isa = PBXFileReference; explicitFileType = wrapper.application; includeInIndex = 0; path = Player.app; sourceTree = BUILT_PRODUCTS_DIR; };
		1B36C09D29B604BA0073CA6B /* AppDelegate.swift */ = {isa = PBXFileReference; lastKnownFileType = sourcecode.swift; path = AppDelegate.swift; sourceTree = "<group>"; };
		1B36C09F29B604BA0073CA6B /* SceneDelegate.swift */ = {isa = PBXFileReference; lastKnownFileType = sourcecode.swift; path = SceneDelegate.swift; sourceTree = "<group>"; };
		1B36C0A129B604BA0073CA6B /* TrackListController.swift */ = {isa = PBXFileReference; lastKnownFileType = sourcecode.swift; path = TrackListController.swift; sourceTree = "<group>"; };
		1B36C0A629B604BC0073CA6B /* Assets.xcassets */ = {isa = PBXFileReference; lastKnownFileType = folder.assetcatalog; path = Assets.xcassets; sourceTree = "<group>"; };
		1B36C0A929B604BC0073CA6B /* Base */ = {isa = PBXFileReference; lastKnownFileType = file.storyboard; name = Base; path = Base.lproj/LaunchScreen.storyboard; sourceTree = "<group>"; };
		1B36C0AB29B604BC0073CA6B /* Info.plist */ = {isa = PBXFileReference; lastKnownFileType = text.plist.xml; path = Info.plist; sourceTree = "<group>"; };
		1B36C0B729B60B150073CA6B /* TrackListView.swift */ = {isa = PBXFileReference; lastKnownFileType = sourcecode.swift; path = TrackListView.swift; sourceTree = "<group>"; };
		1B36C0B929B60B250073CA6B /* PlayerView.swift */ = {isa = PBXFileReference; lastKnownFileType = sourcecode.swift; path = PlayerView.swift; sourceTree = "<group>"; };
		1B36C0BB29B60B300073CA6B /* PlayerController.swift */ = {isa = PBXFileReference; lastKnownFileType = sourcecode.swift; path = PlayerController.swift; sourceTree = "<group>"; };
		1B36C0BF29B611270073CA6B /* UIViewControllerExtension.swift */ = {isa = PBXFileReference; lastKnownFileType = sourcecode.swift; path = UIViewControllerExtension.swift; sourceTree = "<group>"; };
		1B36C0C229B612920073CA6B /* TrackCell.swift */ = {isa = PBXFileReference; lastKnownFileType = sourcecode.swift; path = TrackCell.swift; sourceTree = "<group>"; };
		1B36C0C429B627D20073CA6B /* UILabelExtension.swift */ = {isa = PBXFileReference; lastKnownFileType = sourcecode.swift; path = UILabelExtension.swift; sourceTree = "<group>"; };
		1B36C0C629B708520073CA6B /* UIStackViewExtension.swift */ = {isa = PBXFileReference; lastKnownFileType = sourcecode.swift; path = UIStackViewExtension.swift; sourceTree = "<group>"; };
		1B36C0C829B7530E0073CA6B /* Imagine Dragons, JID-Enemy.mp3 */ = {isa = PBXFileReference; lastKnownFileType = audio.mp3; path = "Imagine Dragons, JID-Enemy.mp3"; sourceTree = "<group>"; };
		1B36C0C929B7530F0073CA6B /* DIE ANTWOORD-Cookie Thumper.mp3 */ = {isa = PBXFileReference; lastKnownFileType = audio.mp3; path = "DIE ANTWOORD-Cookie Thumper.mp3"; sourceTree = "<group>"; };
		1B36C0CA29B7530F0073CA6B /* The Weeknd-The Hills.mp3 */ = {isa = PBXFileReference; lastKnownFileType = audio.mp3; path = "The Weeknd-The Hills.mp3"; sourceTree = "<group>"; };
		1B36C0CB29B7530F0073CA6B /* Eminem-Mokingbird.mp3 */ = {isa = PBXFileReference; lastKnownFileType = audio.mp3; path = "Eminem-Mokingbird.mp3"; sourceTree = "<group>"; };
		1B36C0CC29B7530F0073CA6B /* Imagine Dragons-Bones.mp3 */ = {isa = PBXFileReference; lastKnownFileType = audio.mp3; path = "Imagine Dragons-Bones.mp3"; sourceTree = "<group>"; };
/* End PBXFileReference section */

/* Begin PBXFrameworksBuildPhase section */
		1B36C09729B604BA0073CA6B /* Frameworks */ = {
			isa = PBXFrameworksBuildPhase;
			buildActionMask = 2147483647;
			files = (
			);
			runOnlyForDeploymentPostprocessing = 0;
		};
/* End PBXFrameworksBuildPhase section */

/* Begin PBXGroup section */
		1B36C09129B604BA0073CA6B = {
			isa = PBXGroup;
			children = (
				1B36C09C29B604BA0073CA6B /* Player */,
				1B36C09B29B604BA0073CA6B /* Products */,
			);
			sourceTree = "<group>";
		};
		1B36C09B29B604BA0073CA6B /* Products */ = {
			isa = PBXGroup;
			children = (
				1B36C09A29B604BA0073CA6B /* Player.app */,
			);
			name = Products;
			sourceTree = "<group>";
		};
		1B36C09C29B604BA0073CA6B /* Player */ = {
			isa = PBXGroup;
			children = (
				1B36C0B129B605240073CA6B /* AppDelegates */,
				1B36C0BE29B610F70073CA6B /* Extensions */,
				1B36C0B229B605330073CA6B /* StartApplication */,
				1B36C0B329B609FF0073CA6B /* MainApplication */,
				1B36C0BD29B60B5B0073CA6B /* Tracks */,
				1B36C0B629B60ACB0073CA6B /* Assets */,
				1B36C0AB29B604BC0073CA6B /* Info.plist */,
			);
			path = Player;
			sourceTree = "<group>";
		};
		1B36C0B129B605240073CA6B /* AppDelegates */ = {
			isa = PBXGroup;
			children = (
				1B36C09D29B604BA0073CA6B /* AppDelegate.swift */,
				1B36C09F29B604BA0073CA6B /* SceneDelegate.swift */,
			);
			path = AppDelegates;
			sourceTree = "<group>";
		};
		1B36C0B229B605330073CA6B /* StartApplication */ = {
			isa = PBXGroup;
			children = (
				1B36C0A829B604BC0073CA6B /* LaunchScreen.storyboard */,
			);
			path = StartApplication;
			sourceTree = "<group>";
		};
		1B36C0B329B609FF0073CA6B /* MainApplication */ = {
			isa = PBXGroup;
			children = (
				1B36C0B429B60A120073CA6B /* TrackList */,
				1B36C0B529B60A2F0073CA6B /* Player */,
			);
			path = MainApplication;
			sourceTree = "<group>";
		};
		1B36C0B429B60A120073CA6B /* TrackList */ = {
			isa = PBXGroup;
			children = (
				1B36C0C129B6127C0073CA6B /* Cell */,
				1B36C0B729B60B150073CA6B /* TrackListView.swift */,
				1B36C0A129B604BA0073CA6B /* TrackListController.swift */,
			);
			path = TrackList;
			sourceTree = "<group>";
		};
		1B36C0B529B60A2F0073CA6B /* Player */ = {
			isa = PBXGroup;
			children = (
				1B36C0B929B60B250073CA6B /* PlayerView.swift */,
				1B36C0BB29B60B300073CA6B /* PlayerController.swift */,
			);
			path = Player;
			sourceTree = "<group>";
		};
		1B36C0B629B60ACB0073CA6B /* Assets */ = {
			isa = PBXGroup;
			children = (
				1B36C0A629B604BC0073CA6B /* Assets.xcassets */,
			);
			path = Assets;
			sourceTree = "<group>";
		};
		1B36C0BD29B60B5B0073CA6B /* Tracks */ = {
			isa = PBXGroup;
			children = (
				1B36C0C929B7530F0073CA6B /* DIE ANTWOORD-Cookie Thumper.mp3 */,
				1B36C0CB29B7530F0073CA6B /* Eminem-Mokingbird.mp3 */,
				1B36C0CC29B7530F0073CA6B /* Imagine Dragons-Bones.mp3 */,
				1B36C0C829B7530E0073CA6B /* Imagine Dragons, JID-Enemy.mp3 */,
				1B36C0CA29B7530F0073CA6B /* The Weeknd-The Hills.mp3 */,
			);
			path = Tracks;
			sourceTree = "<group>";
		};
		1B36C0BE29B610F70073CA6B /* Extensions */ = {
			isa = PBXGroup;
			children = (
				1B36C0BF29B611270073CA6B /* UIViewControllerExtension.swift */,
				1B36C0C429B627D20073CA6B /* UILabelExtension.swift */,
				1B36C0C629B708520073CA6B /* UIStackViewExtension.swift */,
			);
			path = Extensions;
			sourceTree = "<group>";
		};
		1B36C0C129B6127C0073CA6B /* Cell */ = {
			isa = PBXGroup;
			children = (
				1B36C0C229B612920073CA6B /* TrackCell.swift */,
			);
			path = Cell;
			sourceTree = "<group>";
		};
/* End PBXGroup section */

/* Begin PBXNativeTarget section */
		1B36C09929B604BA0073CA6B /* Player */ = {
			isa = PBXNativeTarget;
			buildConfigurationList = 1B36C0AE29B604BC0073CA6B /* Build configuration list for PBXNativeTarget "Player" */;
			buildPhases = (
				1B36C09629B604BA0073CA6B /* Sources */,
				1B36C09729B604BA0073CA6B /* Frameworks */,
				1B36C09829B604BA0073CA6B /* Resources */,
			);
			buildRules = (
			);
			dependencies = (
			);
			name = Player;
			productName = Player;
			productReference = 1B36C09A29B604BA0073CA6B /* Player.app */;
			productType = "com.apple.product-type.application";
		};
/* End PBXNativeTarget section */

/* Begin PBXProject section */
		1B36C09229B604BA0073CA6B /* Project object */ = {
			isa = PBXProject;
			attributes = {
				BuildIndependentTargetsInParallel = 1;
				LastSwiftUpdateCheck = 1420;
				LastUpgradeCheck = 1420;
				TargetAttributes = {
					1B36C09929B604BA0073CA6B = {
						CreatedOnToolsVersion = 14.2;
					};
				};
			};
			buildConfigurationList = 1B36C09529B604BA0073CA6B /* Build configuration list for PBXProject "Player" */;
			compatibilityVersion = "Xcode 14.0";
			developmentRegion = en;
			hasScannedForEncodings = 0;
			knownRegions = (
				en,
				Base,
			);
			mainGroup = 1B36C09129B604BA0073CA6B;
			productRefGroup = 1B36C09B29B604BA0073CA6B /* Products */;
			projectDirPath = "";
			projectRoot = "";
			targets = (
				1B36C09929B604BA0073CA6B /* Player */,
			);
		};
/* End PBXProject section */

/* Begin PBXResourcesBuildPhase section */
		1B36C09829B604BA0073CA6B /* Resources */ = {
			isa = PBXResourcesBuildPhase;
			buildActionMask = 2147483647;
			files = (
				1B36C0AA29B604BC0073CA6B /* LaunchScreen.storyboard in Resources */,
				1B36C0D129B7530F0073CA6B /* Imagine Dragons-Bones.mp3 in Resources */,
				1B36C0CE29B7530F0073CA6B /* DIE ANTWOORD-Cookie Thumper.mp3 in Resources */,
				1B36C0A729B604BC0073CA6B /* Assets.xcassets in Resources */,
				1B36C0CD29B7530F0073CA6B /* Imagine Dragons, JID-Enemy.mp3 in Resources */,
				1B36C0CF29B7530F0073CA6B /* The Weeknd-The Hills.mp3 in Resources */,
				1B36C0D029B7530F0073CA6B /* Eminem-Mokingbird.mp3 in Resources */,
			);
			runOnlyForDeploymentPostprocessing = 0;
		};
/* End PBXResourcesBuildPhase section */

/* Begin PBXSourcesBuildPhase section */
		1B36C09629B604BA0073CA6B /* Sources */ = {
			isa = PBXSourcesBuildPhase;
			buildActionMask = 2147483647;
			files = (
				1B36C0A229B604BA0073CA6B /* TrackListController.swift in Sources */,
				1B36C0C729B708520073CA6B /* UIStackViewExtension.swift in Sources */,
				1B36C09E29B604BA0073CA6B /* AppDelegate.swift in Sources */,
				1B36C0BC29B60B300073CA6B /* PlayerController.swift in Sources */,
				1B36C0B829B60B150073CA6B /* TrackListView.swift in Sources */,
				1B36C0C029B611270073CA6B /* UIViewControllerExtension.swift in Sources */,
				1B36C0BA29B60B250073CA6B /* PlayerView.swift in Sources */,
				1B36C0A029B604BA0073CA6B /* SceneDelegate.swift in Sources */,
				1B36C0C329B612920073CA6B /* TrackCell.swift in Sources */,
				1B36C0C529B627D20073CA6B /* UILabelExtension.swift in Sources */,
			);
			runOnlyForDeploymentPostprocessing = 0;
		};
/* End PBXSourcesBuildPhase section */

/* Begin PBXVariantGroup section */
		1B36C0A829B604BC0073CA6B /* LaunchScreen.storyboard */ = {
			isa = PBXVariantGroup;
			children = (
				1B36C0A929B604BC0073CA6B /* Base */,
			);
			name = LaunchScreen.storyboard;
			sourceTree = "<group>";
		};
/* End PBXVariantGroup section */

/* Begin XCBuildConfiguration section */
		1B36C0AC29B604BC0073CA6B /* Debug */ = {
			isa = XCBuildConfiguration;
			buildSettings = {
				ALWAYS_SEARCH_USER_PATHS = NO;
				CLANG_ANALYZER_NONNULL = YES;
				CLANG_ANALYZER_NUMBER_OBJECT_CONVERSION = YES_AGGRESSIVE;
				CLANG_CXX_LANGUAGE_STANDARD = "gnu++20";
				CLANG_ENABLE_MODULES = YES;
				CLANG_ENABLE_OBJC_ARC = YES;
				CLANG_ENABLE_OBJC_WEAK = YES;
				CLANG_WARN_BLOCK_CAPTURE_AUTORELEASING = YES;
				CLANG_WARN_BOOL_CONVERSION = YES;
				CLANG_WARN_COMMA = YES;
				CLANG_WARN_CONSTANT_CONVERSION = YES;
				CLANG_WARN_DEPRECATED_OBJC_IMPLEMENTATIONS = YES;
				CLANG_WARN_DIRECT_OBJC_ISA_USAGE = YES_ERROR;
				CLANG_WARN_DOCUMENTATION_COMMENTS = YES;
				CLANG_WARN_EMPTY_BODY = YES;
				CLANG_WARN_ENUM_CONVERSION = YES;
				CLANG_WARN_INFINITE_RECURSION = YES;
				CLANG_WARN_INT_CONVERSION = YES;
				CLANG_WARN_NON_LITERAL_NULL_CONVERSION = YES;
				CLANG_WARN_OBJC_IMPLICIT_RETAIN_SELF = YES;
				CLANG_WARN_OBJC_LITERAL_CONVERSION = YES;
				CLANG_WARN_OBJC_ROOT_CLASS = YES_ERROR;
				CLANG_WARN_QUOTED_INCLUDE_IN_FRAMEWORK_HEADER = YES;
				CLANG_WARN_RANGE_LOOP_ANALYSIS = YES;
				CLANG_WARN_STRICT_PROTOTYPES = YES;
				CLANG_WARN_SUSPICIOUS_MOVE = YES;
				CLANG_WARN_UNGUARDED_AVAILABILITY = YES_AGGRESSIVE;
				CLANG_WARN_UNREACHABLE_CODE = YES;
				CLANG_WARN__DUPLICATE_METHOD_MATCH = YES;
				COPY_PHASE_STRIP = NO;
				DEBUG_INFORMATION_FORMAT = dwarf;
				ENABLE_STRICT_OBJC_MSGSEND = YES;
				ENABLE_TESTABILITY = YES;
				GCC_C_LANGUAGE_STANDARD = gnu11;
				GCC_DYNAMIC_NO_PIC = NO;
				GCC_NO_COMMON_BLOCKS = YES;
				GCC_OPTIMIZATION_LEVEL = 0;
				GCC_PREPROCESSOR_DEFINITIONS = (
					"DEBUG=1",
					"$(inherited)",
				);
				GCC_WARN_64_TO_32_BIT_CONVERSION = YES;
				GCC_WARN_ABOUT_RETURN_TYPE = YES_ERROR;
				GCC_WARN_UNDECLARED_SELECTOR = YES;
				GCC_WARN_UNINITIALIZED_AUTOS = YES_AGGRESSIVE;
				GCC_WARN_UNUSED_FUNCTION = YES;
				GCC_WARN_UNUSED_VARIABLE = YES;
				IPHONEOS_DEPLOYMENT_TARGET = 16.2;
				MTL_ENABLE_DEBUG_INFO = INCLUDE_SOURCE;
				MTL_FAST_MATH = YES;
				ONLY_ACTIVE_ARCH = YES;
				SDKROOT = iphoneos;
				SWIFT_ACTIVE_COMPILATION_CONDITIONS = DEBUG;
				SWIFT_OPTIMIZATION_LEVEL = "-Onone";
			};
			name = Debug;
		};
		1B36C0AD29B604BC0073CA6B /* Release */ = {
			isa = XCBuildConfiguration;
			buildSettings = {
				ALWAYS_SEARCH_USER_PATHS = NO;
				CLANG_ANALYZER_NONNULL = YES;
				CLANG_ANALYZER_NUMBER_OBJECT_CONVERSION = YES_AGGRESSIVE;
				CLANG_CXX_LANGUAGE_STANDARD = "gnu++20";
				CLANG_ENABLE_MODULES = YES;
				CLANG_ENABLE_OBJC_ARC = YES;
				CLANG_ENABLE_OBJC_WEAK = YES;
				CLANG_WARN_BLOCK_CAPTURE_AUTORELEASING = YES;
				CLANG_WARN_BOOL_CONVERSION = YES;
				CLANG_WARN_COMMA = YES;
				CLANG_WARN_CONSTANT_CONVERSION = YES;
				CLANG_WARN_DEPRECATED_OBJC_IMPLEMENTATIONS = YES;
				CLANG_WARN_DIRECT_OBJC_ISA_USAGE = YES_ERROR;
				CLANG_WARN_DOCUMENTATION_COMMENTS = YES;
				CLANG_WARN_EMPTY_BODY = YES;
				CLANG_WARN_ENUM_CONVERSION = YES;
				CLANG_WARN_INFINITE_RECURSION = YES;
				CLANG_WARN_INT_CONVERSION = YES;
				CLANG_WARN_NON_LITERAL_NULL_CONVERSION = YES;
				CLANG_WARN_OBJC_IMPLICIT_RETAIN_SELF = YES;
				CLANG_WARN_OBJC_LITERAL_CONVERSION = YES;
				CLANG_WARN_OBJC_ROOT_CLASS = YES_ERROR;
				CLANG_WARN_QUOTED_INCLUDE_IN_FRAMEWORK_HEADER = YES;
				CLANG_WARN_RANGE_LOOP_ANALYSIS = YES;
				CLANG_WARN_STRICT_PROTOTYPES = YES;
				CLANG_WARN_SUSPICIOUS_MOVE = YES;
				CLANG_WARN_UNGUARDED_AVAILABILITY = YES_AGGRESSIVE;
				CLANG_WARN_UNREACHABLE_CODE = YES;
				CLANG_WARN__DUPLICATE_METHOD_MATCH = YES;
				COPY_PHASE_STRIP = NO;
				DEBUG_INFORMATION_FORMAT = "dwarf-with-dsym";
				ENABLE_NS_ASSERTIONS = NO;
				ENABLE_STRICT_OBJC_MSGSEND = YES;
				GCC_C_LANGUAGE_STANDARD = gnu11;
				GCC_NO_COMMON_BLOCKS = YES;
				GCC_WARN_64_TO_32_BIT_CONVERSION = YES;
				GCC_WARN_ABOUT_RETURN_TYPE = YES_ERROR;
				GCC_WARN_UNDECLARED_SELECTOR = YES;
				GCC_WARN_UNINITIALIZED_AUTOS = YES_AGGRESSIVE;
				GCC_WARN_UNUSED_FUNCTION = YES;
				GCC_WARN_UNUSED_VARIABLE = YES;
				IPHONEOS_DEPLOYMENT_TARGET = 16.2;
				MTL_ENABLE_DEBUG_INFO = NO;
				MTL_FAST_MATH = YES;
				SDKROOT = iphoneos;
				SWIFT_COMPILATION_MODE = wholemodule;
				SWIFT_OPTIMIZATION_LEVEL = "-O";
				VALIDATE_PRODUCT = YES;
			};
			name = Release;
		};
		1B36C0AF29B604BC0073CA6B /* Debug */ = {
			isa = XCBuildConfiguration;
			buildSettings = {
				ASSETCATALOG_COMPILER_APPICON_NAME = AppIcon;
				ASSETCATALOG_COMPILER_GLOBAL_ACCENT_COLOR_NAME = AccentColor;
				CODE_SIGN_STYLE = Automatic;
				CURRENT_PROJECT_VERSION = 1;
				DEVELOPMENT_TEAM = YX6DWV484Z;
				GENERATE_INFOPLIST_FILE = YES;
				INFOPLIST_FILE = Player/Info.plist;
				INFOPLIST_KEY_UIApplicationSupportsIndirectInputEvents = YES;
				INFOPLIST_KEY_UILaunchStoryboardName = LaunchScreen.storyboard;
				INFOPLIST_KEY_UISupportedInterfaceOrientations = UIInterfaceOrientationPortrait;
				INFOPLIST_KEY_UISupportedInterfaceOrientations_iPad = "UIInterfaceOrientationLandscapeLeft UIInterfaceOrientationLandscapeRight UIInterfaceOrientationPortrait UIInterfaceOrientationPortraitUpsideDown";
				IPHONEOS_DEPLOYMENT_TARGET = 15.0;
				LD_RUNPATH_SEARCH_PATHS = (
					"$(inherited)",
					"@executable_path/Frameworks",
				);
				MARKETING_VERSION = 1.0;
				PRODUCT_BUNDLE_IDENTIFIER = EvgenyTarakin.Player;
				PRODUCT_NAME = "$(TARGET_NAME)";
				SWIFT_EMIT_LOC_STRINGS = YES;
				SWIFT_VERSION = 5.0;
				TARGETED_DEVICE_FAMILY = "1,2";
			};
			name = Debug;
		};
		1B36C0B029B604BC0073CA6B /* Release */ = {
			isa = XCBuildConfiguration;
			buildSettings = {
				ASSETCATALOG_COMPILER_APPICON_NAME = AppIcon;
				ASSETCATALOG_COMPILER_GLOBAL_ACCENT_COLOR_NAME = AccentColor;
				CODE_SIGN_STYLE = Automatic;
				CURRENT_PROJECT_VERSION = 1;
				DEVELOPMENT_TEAM = YX6DWV484Z;
				GENERATE_INFOPLIST_FILE = YES;
				INFOPLIST_FILE = Player/Info.plist;
				INFOPLIST_KEY_UIApplicationSupportsIndirectInputEvents = YES;
				INFOPLIST_KEY_UILaunchStoryboardName = LaunchScreen.storyboard;
				INFOPLIST_KEY_UISupportedInterfaceOrientations = UIInterfaceOrientationPortrait;
				INFOPLIST_KEY_UISupportedInterfaceOrientations_iPad = "UIInterfaceOrientationLandscapeLeft UIInterfaceOrientationLandscapeRight UIInterfaceOrientationPortrait UIInterfaceOrientationPortraitUpsideDown";
				IPHONEOS_DEPLOYMENT_TARGET = 15.0;
				LD_RUNPATH_SEARCH_PATHS = (
					"$(inherited)",
					"@executable_path/Frameworks",
				);
				MARKETING_VERSION = 1.0;
				PRODUCT_BUNDLE_IDENTIFIER = EvgenyTarakin.Player;
				PRODUCT_NAME = "$(TARGET_NAME)";
				SWIFT_EMIT_LOC_STRINGS = YES;
				SWIFT_VERSION = 5.0;
				TARGETED_DEVICE_FAMILY = "1,2";
			};
			name = Release;
		};
/* End XCBuildConfiguration section */

/* Begin XCConfigurationList section */
		1B36C09529B604BA0073CA6B /* Build configuration list for PBXProject "Player" */ = {
			isa = XCConfigurationList;
			buildConfigurations = (
				1B36C0AC29B604BC0073CA6B /* Debug */,
				1B36C0AD29B604BC0073CA6B /* Release */,
			);
			defaultConfigurationIsVisible = 0;
			defaultConfigurationName = Release;
		};
		1B36C0AE29B604BC0073CA6B /* Build configuration list for PBXNativeTarget "Player" */ = {
			isa = XCConfigurationList;
			buildConfigurations = (
				1B36C0AF29B604BC0073CA6B /* Debug */,
				1B36C0B029B604BC0073CA6B /* Release */,
			);
			defaultConfigurationIsVisible = 0;
			defaultConfigurationName = Release;
		};
/* End XCConfigurationList section */
	};
	rootObject = 1B36C09229B604BA0073CA6B /* Project object */;
}
